
Microsoft Visual Studio Solution File, Format Version 12.00
# Visual Studio Version 17
VisualStudioVersion = 17.4.33205.214
MinimumVisualStudioVersion = 10.0.40219.1
Project("{9A19103F-16F7-4668-BE54-9A1E7A4F7556}") = "ChatClientApp", "ChatClientApp\ChatClientApp.csproj", "{BF8413CD-B729-483F-9B17-75883EC97C7E}"
EndProject
Global
	GlobalSection(SolutionConfigurationPlatforms) = preSolution
		Debug|Any CPU = Debug|Any CPU
		Release|Any CPU = Release|Any CPU
	EndGlobalSection
	GlobalSection(ProjectConfigurationPlatforms) = postSolution
		{BF8413CD-B729-483F-9B17-75883EC97C7E}.Debug|Any CPU.ActiveCfg = Debug|Any CPU
		{BF8413CD-B729-483F-9B17-75883EC97C7E}.Debug|Any CPU.Build.0 = Debug|Any CPU
		{BF8413CD-B729-483F-9B17-75883EC97C7E}.Release|Any CPU.ActiveCfg = Release|Any CPU
		{BF8413CD-B729-483F-9B17-75883EC97C7E}.Release|Any CPU.Build.0 = Release|Any CPU
	EndGlobalSection
	GlobalSection(SolutionProperties) = preSolution
		HideSolutionNode = FALSE
	EndGlobalSection
	GlobalSection(ExtensibilityGlobals) = postSolution
		SolutionGuid = {F9F0539D-2875-452C-A70D-782A4DFFFBA7}
	EndGlobalSection
EndGlobal
